
Microsoft Visual Studio Solution File, Format Version 12.00
# Visual Studio for Mac
Project("{FAE04EC0-301F-11D3-BF4B-00C04F79EFBC}") = "Assembly-CSharp", "Assembly-CSharp.csproj", "{190439F8-11F8-B7C2-3640-E6B8EF3CDA99}"
EndProject
Project("{FAE04EC0-301F-11D3-BF4B-00C04F79EFBC}") = "Assembly-CSharp-Editor", "Assembly-CSharp-Editor.csproj", "{45D82E35-FD1F-DAB4-C618-85FA57EE08FD}"
EndProject
Global
	GlobalSection(SolutionConfigurationPlatforms) = preSolution
		Debug|Any CPU = Debug|Any CPU
		Release|Any CPU = Release|Any CPU
	EndGlobalSection
	GlobalSection(ProjectConfigurationPlatforms) = postSolution
		{190439F8-11F8-B7C2-3640-E6B8EF3CDA99}.Debug|Any CPU.ActiveCfg = Debug|Any CPU
		{190439F8-11F8-B7C2-3640-E6B8EF3CDA99}.Debug|Any CPU.Build.0 = Debug|Any CPU
		{190439F8-11F8-B7C2-3640-E6B8EF3CDA99}.Release|Any CPU.ActiveCfg = Release|Any CPU
		{190439F8-11F8-B7C2-3640-E6B8EF3CDA99}.Release|Any CPU.Build.0 = Release|Any CPU
		{45D82E35-FD1F-DAB4-C618-85FA57EE08FD}.Debug|Any CPU.ActiveCfg = Debug|Any CPU
		{45D82E35-FD1F-DAB4-C618-85FA57EE08FD}.Debug|Any CPU.Build.0 = Debug|Any CPU
		{45D82E35-FD1F-DAB4-C618-85FA57EE08FD}.Release|Any CPU.ActiveCfg = Release|Any CPU
		{45D82E35-FD1F-DAB4-C618-85FA57EE08FD}.Release|Any CPU.Build.0 = Release|Any CPU
	EndGlobalSection
	GlobalSection(SolutionProperties) = preSolution
		HideSolutionNode = FALSE
	EndGlobalSection
EndGlobal
